
Microsoft Visual Studio Solution File, Format Version 12.00
# Visual Studio Version 17
VisualStudioVersion = 17.14.36202.13 d17.14
MinimumVisualStudioVersion = 10.0.40219.1
Project("{FAE04EC0-301F-11D3-BF4B-00C04F79EFBC}") = "DevLife Portal", "DevLife Portal\DevLife Portal.csproj", "{59EF37F6-78AE-4560-A36B-1E13B930E37A}"
EndProject
Global
	GlobalSection(SolutionConfigurationPlatforms) = preSolution
		Debug|Any CPU = Debug|Any CPU
		Release|Any CPU = Release|Any CPU
	EndGlobalSection
	GlobalSection(ProjectConfigurationPlatforms) = postSolution
		{59EF37F6-78AE-4560-A36B-1E13B930E37A}.Debug|Any CPU.ActiveCfg = Debug|Any CPU
		{59EF37F6-78AE-4560-A36B-1E13B930E37A}.Debug|Any CPU.Build.0 = Debug|Any CPU
		{59EF37F6-78AE-4560-A36B-1E13B930E37A}.Release|Any CPU.ActiveCfg = Release|Any CPU
		{59EF37F6-78AE-4560-A36B-1E13B930E37A}.Release|Any CPU.Build.0 = Release|Any CPU
	EndGlobalSection
	GlobalSection(SolutionProperties) = preSolution
		HideSolutionNode = FALSE
	EndGlobalSection
	GlobalSection(ExtensibilityGlobals) = postSolution
		SolutionGuid = {56122697-E0EA-494C-A793-9B7D225DF6D8}
	EndGlobalSection
EndGlobal
